
Microsoft Visual Studio Solution File, Format Version 11.00
# Visual Studio 2010
Project("{FAE04EC0-301F-11D3-BF4B-00C04F79EFBC}") = "JavaDoc2Metadata", "JavaDoc2Metadata.csproj", "{35E506BE-5275-4E12-99B1-2434C362F685}"
EndProject
Global
	GlobalSection(SolutionConfigurationPlatforms) = preSolution
		Debug|Any CPU = Debug|Any CPU
		Release|Any CPU = Release|Any CPU
	EndGlobalSection
	GlobalSection(ProjectConfigurationPlatforms) = postSolution
		{35E506BE-5275-4E12-99B1-2434C362F685}.Debug|Any CPU.ActiveCfg = Debug|Any CPU
		{35E506BE-5275-4E12-99B1-2434C362F685}.Debug|Any CPU.Build.0 = Debug|Any CPU
		{35E506BE-5275-4E12-99B1-2434C362F685}.Release|Any CPU.ActiveCfg = Release|Any CPU
		{35E506BE-5275-4E12-99B1-2434C362F685}.Release|Any CPU.Build.0 = Release|Any CPU
	EndGlobalSection
	GlobalSection(MonoDevelopProperties) = preSolution
		StartupItem = JavaDoc2Metadata.csproj
	EndGlobalSection
EndGlobal
